// !$*UTF8*$!
{
	archiveVersion = 1;
	classes = {
	};
	objectVersion = 48;
	objects = {

/* Begin PBXBuildFile section */
		02D6F06D1FA2494000827878 /* BaseViewController.swift in Sources */ = {isa = PBXBuildFile; fileRef = 02D6F06B1FA2494000827878 /* BaseViewController.swift */; };
		02D6F06E1FA2494000827878 /* MenuViewController.swift in Sources */ = {isa = PBXBuildFile; fileRef = 02D6F06C1FA2494000827878 /* MenuViewController.swift */; };
		02F58A781FA23C650025B651 /* AppDelegate.swift in Sources */ = {isa = PBXBuildFile; fileRef = 02F58A771FA23C650025B651 /* AppDelegate.swift */; };
		02F58A7A1FA23C650025B651 /* ViewController.swift in Sources */ = {isa = PBXBuildFile; fileRef = 02F58A791FA23C650025B651 /* ViewController.swift */; };
		02F58A7D1FA23C650025B651 /* Main.storyboard in Resources */ = {isa = PBXBuildFile; fileRef = 02F58A7B1FA23C650025B651 /* Main.storyboard */; };
		02F58A801FA23C650025B651 /* GrammarEng.xcdatamodeld in Sources */ = {isa = PBXBuildFile; fileRef = 02F58A7E1FA23C650025B651 /* GrammarEng.xcdatamodeld */; };
		02F58A821FA23C650025B651 /* Assets.xcassets in Resources */ = {isa = PBXBuildFile; fileRef = 02F58A811FA23C650025B651 /* Assets.xcassets */; };
		02F58A851FA23C650025B651 /* LaunchScreen.storyboard in Resources */ = {isa = PBXBuildFile; fileRef = 02F58A831FA23C650025B651 /* LaunchScreen.storyboard */; };
		A4325C98444EE83B37418461 /* Pods_GrammarEng.framework in Frameworks */ = {isa = PBXBuildFile; fileRef = 859C1B9D30FAE4A3F0F83AA2 /* Pods_GrammarEng.framework */; };
/* End PBXBuildFile section */

/* Begin PBXFileReference section */
		02D6F06B1FA2494000827878 /* BaseViewController.swift */ = {isa = PBXFileReference; fileEncoding = 4; lastKnownFileType = sourcecode.swift; path = BaseViewController.swift; sourceTree = "<group>"; };
		02D6F06C1FA2494000827878 /* MenuViewController.swift */ = {isa = PBXFileReference; fileEncoding = 4; lastKnownFileType = sourcecode.swift; path = MenuViewController.swift; sourceTree = "<group>"; };
		02F58A741FA23C650025B651 /* GrammarEng.app */ = {isa = PBXFileReference; explicitFileType = wrapper.application; includeInIndex = 0; path = GrammarEng.app; sourceTree = BUILT_PRODUCTS_DIR; };
		02F58A771FA23C650025B651 /* AppDelegate.swift */ = {isa = PBXFileReference; lastKnownFileType = sourcecode.swift; path = AppDelegate.swift; sourceTree = "<group>"; };
		02F58A791FA23C650025B651 /* ViewController.swift */ = {isa = PBXFileReference; lastKnownFileType = sourcecode.swift; path = ViewController.swift; sourceTree = "<group>"; };
		02F58A7C1FA23C650025B651 /* Base */ = {isa = PBXFileReference; lastKnownFileType = file.storyboard; name = Base; path = Base.lproj/Main.storyboard; sourceTree = "<group>"; };
		02F58A7F1FA23C650025B651 /* GrammarEng.xcdatamodel */ = {isa = PBXFileReference; lastKnownFileType = wrapper.xcdatamodel; path = GrammarEng.xcdatamodel; sourceTree = "<group>"; };
		02F58A811FA23C650025B651 /* Assets.xcassets */ = {isa = PBXFileReference; lastKnownFileType = folder.assetcatalog; path = Assets.xcassets; sourceTree = "<group>"; };
		02F58A841FA23C650025B651 /* Base */ = {isa = PBXFileReference; lastKnownFileType = file.storyboard; name = Base; path = Base.lproj/LaunchScreen.storyboard; sourceTree = "<group>"; };
		02F58A861FA23C650025B651 /* Info.plist */ = {isa = PBXFileReference; lastKnownFileType = text.plist.xml; path = Info.plist; sourceTree = "<group>"; };
		859C1B9D30FAE4A3F0F83AA2 /* Pods_GrammarEng.framework */ = {isa = PBXFileReference; explicitFileType = wrapper.framework; includeInIndex = 0; path = Pods_GrammarEng.framework; sourceTree = BUILT_PRODUCTS_DIR; };
		B829D12118092C504EFF2995 /* Pods-GrammarEng.debug.xcconfig */ = {isa = PBXFileReference; includeInIndex = 1; lastKnownFileType = text.xcconfig; name = "Pods-GrammarEng.debug.xcconfig"; path = "Pods/Target Support Files/Pods-GrammarEng/Pods-GrammarEng.debug.xcconfig"; sourceTree = "<group>"; };
		C7D1434E9070EE105606A3A5 /* Pods-GrammarEng.release.xcconfig */ = {isa = PBXFileReference; includeInIndex = 1; lastKnownFileType = text.xcconfig; name = "Pods-GrammarEng.release.xcconfig"; path = "Pods/Target Support Files/Pods-GrammarEng/Pods-GrammarEng.release.xcconfig"; sourceTree = "<group>"; };
/* End PBXFileReference section */

/* Begin PBXFrameworksBuildPhase section */
		02F58A711FA23C650025B651 /* Frameworks */ = {
			isa = PBXFrameworksBuildPhase;
			buildActionMask = 2147483647;
			files = (
				A4325C98444EE83B37418461 /* Pods_GrammarEng.framework in Frameworks */,
			);
			runOnlyForDeploymentPostprocessing = 0;
		};
/* End PBXFrameworksBuildPhase section */

/* Begin PBXGroup section */
		02472F3D1FA3AAB100521B0E /* SlideMenu */ = {
			isa = PBXGroup;
			children = (
				02D6F06B1FA2494000827878 /* BaseViewController.swift */,
				02D6F06C1FA2494000827878 /* MenuViewController.swift */,
			);
			path = SlideMenu;
			sourceTree = "<group>";
		};
		02F58A6B1FA23C650025B651 = {
			isa = PBXGroup;
			children = (
				02F58A761FA23C650025B651 /* GrammarEng */,
				02F58A751FA23C650025B651 /* Products */,
				BCE546649A15D3E715DE45A8 /* Pods */,
				B489CAE9BAF318A94951F6B0 /* Frameworks */,
			);
			sourceTree = "<group>";
		};
		02F58A751FA23C650025B651 /* Products */ = {
			isa = PBXGroup;
			children = (
				02F58A741FA23C650025B651 /* GrammarEng.app */,
			);
			name = Products;
			sourceTree = "<group>";
		};
		02F58A761FA23C650025B651 /* GrammarEng */ = {
			isa = PBXGroup;
			children = (
				02472F3D1FA3AAB100521B0E /* SlideMenu */,
				02F58A771FA23C650025B651 /* AppDelegate.swift */,
				02F58A791FA23C650025B651 /* ViewController.swift */,
				02F58A7B1FA23C650025B651 /* Main.storyboard */,
				02F58A811FA23C650025B651 /* Assets.xcassets */,
				02F58A831FA23C650025B651 /* LaunchScreen.storyboard */,
				02F58A861FA23C650025B651 /* Info.plist */,
				02F58A7E1FA23C650025B651 /* GrammarEng.xcdatamodeld */,
			);
			path = GrammarEng;
			sourceTree = "<group>";
		};
		B489CAE9BAF318A94951F6B0 /* Frameworks */ = {
			isa = PBXGroup;
			children = (
				859C1B9D30FAE4A3F0F83AA2 /* Pods_GrammarEng.framework */,
			);
			name = Frameworks;
			sourceTree = "<group>";
		};
		BCE546649A15D3E715DE45A8 /* Pods */ = {
			isa = PBXGroup;
			children = (
				B829D12118092C504EFF2995 /* Pods-GrammarEng.debug.xcconfig */,
				C7D1434E9070EE105606A3A5 /* Pods-GrammarEng.release.xcconfig */,
			);
			name = Pods;
			sourceTree = "<group>";
		};
/* End PBXGroup section */

/* Begin PBXNativeTarget section */
		02F58A731FA23C650025B651 /* GrammarEng */ = {
			isa = PBXNativeTarget;
			buildConfigurationList = 02F58A891FA23C650025B651 /* Build configuration list for PBXNativeTarget "GrammarEng" */;
			buildPhases = (
				76E010902F6E51D48E45DBCD /* [CP] Check Pods Manifest.lock */,
				02F58A701FA23C650025B651 /* Sources */,
				02F58A711FA23C650025B651 /* Frameworks */,
				02F58A721FA23C650025B651 /* Resources */,
				4B79C904B58C38C895C79C8F /* [CP] Embed Pods Frameworks */,
				380C2E7FC851B67176D83F4F /* [CP] Copy Pods Resources */,
			);
			buildRules = (
			);
			dependencies = (
			);
			name = GrammarEng;
			productName = GrammarEng;
			productReference = 02F58A741FA23C650025B651 /* GrammarEng.app */;
			productType = "com.apple.product-type.application";
		};
/* End PBXNativeTarget section */

/* Begin PBXProject section */
		02F58A6C1FA23C650025B651 /* Project object */ = {
			isa = PBXProject;
			attributes = {
				LastSwiftUpdateCheck = 0900;
				LastUpgradeCheck = 0900;
				ORGANIZATIONNAME = "Phuc Nguyen";
				TargetAttributes = {
					02F58A731FA23C650025B651 = {
						CreatedOnToolsVersion = 9.0.1;
						ProvisioningStyle = Automatic;
					};
				};
			};
			buildConfigurationList = 02F58A6F1FA23C650025B651 /* Build configuration list for PBXProject "GrammarEng" */;
			compatibilityVersion = "Xcode 8.0";
			developmentRegion = en;
			hasScannedForEncodings = 0;
			knownRegions = (
				en,
				Base,
			);
			mainGroup = 02F58A6B1FA23C650025B651;
			productRefGroup = 02F58A751FA23C650025B651 /* Products */;
			projectDirPath = "";
			projectRoot = "";
			targets = (
				02F58A731FA23C650025B651 /* GrammarEng */,
			);
		};
/* End PBXProject section */

/* Begin PBXResourcesBuildPhase section */
		02F58A721FA23C650025B651 /* Resources */ = {
			isa = PBXResourcesBuildPhase;
			buildActionMask = 2147483647;
			files = (
				02F58A851FA23C650025B651 /* LaunchScreen.storyboard in Resources */,
				02F58A821FA23C650025B651 /* Assets.xcassets in Resources */,
				02F58A7D1FA23C650025B651 /* Main.storyboard in Resources */,
			);
			runOnlyForDeploymentPostprocessing = 0;
		};
/* End PBXResourcesBuildPhase section */

/* Begin PBXShellScriptBuildPhase section */
		380C2E7FC851B67176D83F4F /* [CP] Copy Pods Resources */ = {
			isa = PBXShellScriptBuildPhase;
			buildActionMask = 2147483647;
			files = (
			);
			inputPaths = (
			);
			name = "[CP] Copy Pods Resources";
			outputPaths = (
			);
			runOnlyForDeploymentPostprocessing = 0;
			shellPath = /bin/sh;
			shellScript = "\"${SRCROOT}/Pods/Target Support Files/Pods-GrammarEng/Pods-GrammarEng-resources.sh\"\n";
			showEnvVarsInLog = 0;
		};
		4B79C904B58C38C895C79C8F /* [CP] Embed Pods Frameworks */ = {
			isa = PBXShellScriptBuildPhase;
			buildActionMask = 2147483647;
			files = (
			);
			inputPaths = (
			);
			name = "[CP] Embed Pods Frameworks";
			outputPaths = (
			);
			runOnlyForDeploymentPostprocessing = 0;
			shellPath = /bin/sh;
			shellScript = "\"${SRCROOT}/Pods/Target Support Files/Pods-GrammarEng/Pods-GrammarEng-frameworks.sh\"\n";
			showEnvVarsInLog = 0;
		};
		76E010902F6E51D48E45DBCD /* [CP] Check Pods Manifest.lock */ = {
			isa = PBXShellScriptBuildPhase;
			buildActionMask = 2147483647;
			files = (
			);
			inputPaths = (
				"${PODS_PODFILE_DIR_PATH}/Podfile.lock",
				"${PODS_ROOT}/Manifest.lock",
			);
			name = "[CP] Check Pods Manifest.lock";
			outputPaths = (
				"$(DERIVED_FILE_DIR)/Pods-GrammarEng-checkManifestLockResult.txt",
			);
			runOnlyForDeploymentPostprocessing = 0;
			shellPath = /bin/sh;
			shellScript = "diff \"${PODS_PODFILE_DIR_PATH}/Podfile.lock\" \"${PODS_ROOT}/Manifest.lock\" > /dev/null\nif [ $? != 0 ] ; then\n    # print error to STDERR\n    echo \"error: The sandbox is not in sync with the Podfile.lock. Run 'pod install' or update your CocoaPods installation.\" >&2\n    exit 1\nfi\n# This output is used by Xcode 'outputs' to avoid re-running this script phase.\necho \"SUCCESS\" > \"${SCRIPT_OUTPUT_FILE_0}\"\n";
			showEnvVarsInLog = 0;
		};
/* End PBXShellScriptBuildPhase section */

/* Begin PBXSourcesBuildPhase section */
		02F58A701FA23C650025B651 /* Sources */ = {
			isa = PBXSourcesBuildPhase;
			buildActionMask = 2147483647;
			files = (
				02F58A7A1FA23C650025B651 /* ViewController.swift in Sources */,
				02D6F06E1FA2494000827878 /* MenuViewController.swift in Sources */,
				02D6F06D1FA2494000827878 /* BaseViewController.swift in Sources */,
				02F58A781FA23C650025B651 /* AppDelegate.swift in Sources */,
				02F58A801FA23C650025B651 /* GrammarEng.xcdatamodeld in Sources */,
			);
			runOnlyForDeploymentPostprocessing = 0;
		};
/* End PBXSourcesBuildPhase section */

/* Begin PBXVariantGroup section */
		02F58A7B1FA23C650025B651 /* Main.storyboard */ = {
			isa = PBXVariantGroup;
			children = (
				02F58A7C1FA23C650025B651 /* Base */,
			);
			name = Main.storyboard;
			sourceTree = "<group>";
		};
		02F58A831FA23C650025B651 /* LaunchScreen.storyboard */ = {
			isa = PBXVariantGroup;
			children = (
				02F58A841FA23C650025B651 /* Base */,
			);
			name = LaunchScreen.storyboard;
			sourceTree = "<group>";
		};
/* End PBXVariantGroup section */

/* Begin XCBuildConfiguration section */
		02F58A871FA23C650025B651 /* Debug */ = {
			isa = XCBuildConfiguration;
			buildSettings = {
				ALWAYS_SEARCH_USER_PATHS = NO;
				CLANG_ANALYZER_NONNULL = YES;
				CLANG_ANALYZER_NUMBER_OBJECT_CONVERSION = YES_AGGRESSIVE;
				CLANG_CXX_LANGUAGE_STANDARD = "gnu++14";
				CLANG_CXX_LIBRARY = "libc++";
				CLANG_ENABLE_MODULES = YES;
				CLANG_ENABLE_OBJC_ARC = YES;
				CLANG_WARN_BLOCK_CAPTURE_AUTORELEASING = YES;
				CLANG_WARN_BOOL_CONVERSION = YES;
				CLANG_WARN_COMMA = YES;
				CLANG_WARN_CONSTANT_CONVERSION = YES;
				CLANG_WARN_DIRECT_OBJC_ISA_USAGE = YES_ERROR;
				CLANG_WARN_DOCUMENTATION_COMMENTS = YES;
				CLANG_WARN_EMPTY_BODY = YES;
				CLANG_WARN_ENUM_CONVERSION = YES;
				CLANG_WARN_INFINITE_RECURSION = YES;
				CLANG_WARN_INT_CONVERSION = YES;
				CLANG_WARN_NON_LITERAL_NULL_CONVERSION = YES;
				CLANG_WARN_OBJC_LITERAL_CONVERSION = YES;
				CLANG_WARN_OBJC_ROOT_CLASS = YES_ERROR;
				CLANG_WARN_RANGE_LOOP_ANALYSIS = YES;
				CLANG_WARN_STRICT_PROTOTYPES = YES;
				CLANG_WARN_SUSPICIOUS_MOVE = YES;
				CLANG_WARN_UNGUARDED_AVAILABILITY = YES_AGGRESSIVE;
				CLANG_WARN_UNREACHABLE_CODE = YES;
				CLANG_WARN__DUPLICATE_METHOD_MATCH = YES;
				CODE_SIGN_IDENTITY = "iPhone Developer";
				COPY_PHASE_STRIP = NO;
				DEBUG_INFORMATION_FORMAT = dwarf;
				ENABLE_STRICT_OBJC_MSGSEND = YES;
				ENABLE_TESTABILITY = YES;
				GCC_C_LANGUAGE_STANDARD = gnu11;
				GCC_DYNAMIC_NO_PIC = NO;
				GCC_NO_COMMON_BLOCKS = YES;
				GCC_OPTIMIZATION_LEVEL = 0;
				GCC_PREPROCESSOR_DEFINITIONS = (
					"DEBUG=1",
					"$(inherited)",
				);
				GCC_WARN_64_TO_32_BIT_CONVERSION = YES;
				GCC_WARN_ABOUT_RETURN_TYPE = YES_ERROR;
				GCC_WARN_UNDECLARED_SELECTOR = YES;
				GCC_WARN_UNINITIALIZED_AUTOS = YES_AGGRESSIVE;
				GCC_WARN_UNUSED_FUNCTION = YES;
				GCC_WARN_UNUSED_VARIABLE = YES;
				IPHONEOS_DEPLOYMENT_TARGET = 11.0;
				MTL_ENABLE_DEBUG_INFO = YES;
				ONLY_ACTIVE_ARCH = YES;
				SDKROOT = iphoneos;
				SWIFT_ACTIVE_COMPILATION_CONDITIONS = DEBUG;
				SWIFT_OPTIMIZATION_LEVEL = "-Onone";
			};
			name = Debug;
		};
		02F58A881FA23C650025B651 /* Release */ = {
			isa = XCBuildConfiguration;
			buildSettings = {
				ALWAYS_SEARCH_USER_PATHS = NO;
				CLANG_ANALYZER_NONNULL = YES;
				CLANG_ANALYZER_NUMBER_OBJECT_CONVERSION = YES_AGGRESSIVE;
				CLANG_CXX_LANGUAGE_STANDARD = "gnu++14";
				CLANG_CXX_LIBRARY = "libc++";
				CLANG_ENABLE_MODULES = YES;
				CLANG_ENABLE_OBJC_ARC = YES;
				CLANG_WARN_BLOCK_CAPTURE_AUTORELEASING = YES;
				CLANG_WARN_BOOL_CONVERSION = YES;
				CLANG_WARN_COMMA = YES;
				CLANG_WARN_CONSTANT_CONVERSION = YES;
				CLANG_WARN_DIRECT_OBJC_ISA_USAGE = YES_ERROR;
				CLANG_WARN_DOCUMENTATION_COMMENTS = YES;
				CLANG_WARN_EMPTY_BODY = YES;
				CLANG_WARN_ENUM_CONVERSION = YES;
				CLANG_WARN_INFINITE_RECURSION = YES;
				CLANG_WARN_INT_CONVERSION = YES;
				CLANG_WARN_NON_LITERAL_NULL_CONVERSION = YES;
				CLANG_WARN_OBJC_LITERAL_CONVERSION = YES;
				CLANG_WARN_OBJC_ROOT_CLASS = YES_ERROR;
				CLANG_WARN_RANGE_LOOP_ANALYSIS = YES;
				CLANG_WARN_STRICT_PROTOTYPES = YES;
				CLANG_WARN_SUSPICIOUS_MOVE = YES;
				CLANG_WARN_UNGUARDED_AVAILABILITY = YES_AGGRESSIVE;
				CLANG_WARN_UNREACHABLE_CODE = YES;
				CLANG_WARN__DUPLICATE_METHOD_MATCH = YES;
				CODE_SIGN_IDENTITY = "iPhone Developer";
				COPY_PHASE_STRIP = NO;
				DEBUG_INFORMATION_FORMAT = "dwarf-with-dsym";
				ENABLE_NS_ASSERTIONS = NO;
				ENABLE_STRICT_OBJC_MSGSEND = YES;
				GCC_C_LANGUAGE_STANDARD = gnu11;
				GCC_NO_COMMON_BLOCKS = YES;
				GCC_WARN_64_TO_32_BIT_CONVERSION = YES;
				GCC_WARN_ABOUT_RETURN_TYPE = YES_ERROR;
				GCC_WARN_UNDECLARED_SELECTOR = YES;
				GCC_WARN_UNINITIALIZED_AUTOS = YES_AGGRESSIVE;
				GCC_WARN_UNUSED_FUNCTION = YES;
				GCC_WARN_UNUSED_VARIABLE = YES;
				IPHONEOS_DEPLOYMENT_TARGET = 11.0;
				MTL_ENABLE_DEBUG_INFO = NO;
				SDKROOT = iphoneos;
				SWIFT_OPTIMIZATION_LEVEL = "-Owholemodule";
				VALIDATE_PRODUCT = YES;
			};
			name = Release;
		};
		02F58A8A1FA23C650025B651 /* Debug */ = {
			isa = XCBuildConfiguration;
			baseConfigurationReference = B829D12118092C504EFF2995 /* Pods-GrammarEng.debug.xcconfig */;
			buildSettings = {
				ASSETCATALOG_COMPILER_APPICON_NAME = AppIcon;
				CODE_SIGN_STYLE = Automatic;
				DEVELOPMENT_TEAM = 3X8QMJ2C7H;
				INFOPLIST_FILE = GrammarEng/Info.plist;
				IPHONEOS_DEPLOYMENT_TARGET = 10.0;
				LD_RUNPATH_SEARCH_PATHS = "$(inherited) @executable_path/Frameworks";
				PRODUCT_BUNDLE_IDENTIFIER = com.phucng.GrammarEng;
				PRODUCT_NAME = "$(TARGET_NAME)";
				SWIFT_VERSION = 4.0;
				TARGETED_DEVICE_FAMILY = 1;
			};
			name = Debug;
		};
		02F58A8B1FA23C650025B651 /* Release */ = {
			isa = XCBuildConfiguration;
			baseConfigurationReference = C7D1434E9070EE105606A3A5 /* Pods-GrammarEng.release.xcconfig */;
			buildSettings = {
				ASSETCATALOG_COMPILER_APPICON_NAME = AppIcon;
				CODE_SIGN_STYLE = Automatic;
				DEVELOPMENT_TEAM = 3X8QMJ2C7H;
				INFOPLIST_FILE = GrammarEng/Info.plist;
				IPHONEOS_DEPLOYMENT_TARGET = 10.0;
				LD_RUNPATH_SEARCH_PATHS = "$(inherited) @executable_path/Frameworks";
				PRODUCT_BUNDLE_IDENTIFIER = com.phucng.GrammarEng;
				PRODUCT_NAME = "$(TARGET_NAME)";
				SWIFT_VERSION = 4.0;
				TARGETED_DEVICE_FAMILY = 1;
			};
			name = Release;
		};
/* End XCBuildConfiguration section */

/* Begin XCConfigurationList section */
		02F58A6F1FA23C650025B651 /* Build configuration list for PBXProject "GrammarEng" */ = {
			isa = XCConfigurationList;
			buildConfigurations = (
				02F58A871FA23C650025B651 /* Debug */,
				02F58A881FA23C650025B651 /* Release */,
			);
			defaultConfigurationIsVisible = 0;
			defaultConfigurationName = Release;
		};
		02F58A891FA23C650025B651 /* Build configuration list for PBXNativeTarget "GrammarEng" */ = {
			isa = XCConfigurationList;
			buildConfigurations = (
				02F58A8A1FA23C650025B651 /* Debug */,
				02F58A8B1FA23C650025B651 /* Release */,
			);
			defaultConfigurationIsVisible = 0;
			defaultConfigurationName = Release;
		};
/* End XCConfigurationList section */

/* Begin XCVersionGroup section */
		02F58A7E1FA23C650025B651 /* GrammarEng.xcdatamodeld */ = {
			isa = XCVersionGroup;
			children = (
				02F58A7F1FA23C650025B651 /* GrammarEng.xcdatamodel */,
			);
			currentVersion = 02F58A7F1FA23C650025B651 /* GrammarEng.xcdatamodel */;
			path = GrammarEng.xcdatamodeld;
			sourceTree = "<group>";
			versionGroupType = wrapper.xcdatamodel;
		};
/* End XCVersionGroup section */
	};
	rootObject = 02F58A6C1FA23C650025B651 /* Project object */;
}
